
Microsoft Visual Studio Solution File, Format Version 12.00
# Visual Studio 15
VisualStudioVersion = 15.0.27703.2047
MinimumVisualStudioVersion = 10.0.40219.1
Project("{FAE04EC0-301F-11D3-BF4B-00C04F79EFBC}") = "DamageLogs", "DamageLogs\DamageLogs.csproj", "{35713D0D-D004-48DF-80B1-F04199A64EDB}"
EndProject
Global
	GlobalSection(SolutionConfigurationPlatforms) = preSolution
		Debug|Any CPU = Debug|Any CPU
		Release|Any CPU = Release|Any CPU
	EndGlobalSection
	GlobalSection(ProjectConfigurationPlatforms) = postSolution
		{35713D0D-D004-48DF-80B1-F04199A64EDB}.Debug|Any CPU.ActiveCfg = Debug|Any CPU
		{35713D0D-D004-48DF-80B1-F04199A64EDB}.Debug|Any CPU.Build.0 = Debug|Any CPU
		{35713D0D-D004-48DF-80B1-F04199A64EDB}.Release|Any CPU.ActiveCfg = Release|Any CPU
		{35713D0D-D004-48DF-80B1-F04199A64EDB}.Release|Any CPU.Build.0 = Release|Any CPU
	EndGlobalSection
	GlobalSection(SolutionProperties) = preSolution
		HideSolutionNode = FALSE
	EndGlobalSection
	GlobalSection(ExtensibilityGlobals) = postSolution
		SolutionGuid = {FCEB6B8A-B72B-458E-A093-79695984E55B}
	EndGlobalSection
EndGlobal
